
Microsoft Visual Studio Solution File, Format Version 12.00
# Visual Studio Version 17
VisualStudioVersion = 17.14.36518.9
MinimumVisualStudioVersion = 10.0.40219.1
Project("{FAE04EC0-301F-11D3-BF4B-00C04F79EFBC}") = "Backend", "Backend.csproj", "{602F7967-9793-435A-9E4B-26AD308EDF62}"
EndProject
Project("{FAE04EC0-301F-11D3-BF4B-00C04F79EFBC}") = "Frontend", "..\Frontend\Frontend.csproj", "{8F94D84D-5525-A66F-B0D4-2AED7225D780}"
EndProject
Global
	GlobalSection(SolutionConfigurationPlatforms) = preSolution
		Debug|Any CPU = Debug|Any CPU
		Release|Any CPU = Release|Any CPU
	EndGlobalSection
	GlobalSection(ProjectConfigurationPlatforms) = postSolution
		{602F7967-9793-435A-9E4B-26AD308EDF62}.Debug|Any CPU.ActiveCfg = Debug|Any CPU
		{602F7967-9793-435A-9E4B-26AD308EDF62}.Debug|Any CPU.Build.0 = Debug|Any CPU
		{602F7967-9793-435A-9E4B-26AD308EDF62}.Release|Any CPU.ActiveCfg = Release|Any CPU
		{602F7967-9793-435A-9E4B-26AD308EDF62}.Release|Any CPU.Build.0 = Release|Any CPU
		{8F94D84D-5525-A66F-B0D4-2AED7225D780}.Debug|Any CPU.ActiveCfg = Debug|Any CPU
		{8F94D84D-5525-A66F-B0D4-2AED7225D780}.Debug|Any CPU.Build.0 = Debug|Any CPU
		{8F94D84D-5525-A66F-B0D4-2AED7225D780}.Release|Any CPU.ActiveCfg = Release|Any CPU
		{8F94D84D-5525-A66F-B0D4-2AED7225D780}.Release|Any CPU.Build.0 = Release|Any CPU
	EndGlobalSection
	GlobalSection(SolutionProperties) = preSolution
		HideSolutionNode = FALSE
	EndGlobalSection
	GlobalSection(ExtensibilityGlobals) = postSolution
		SolutionGuid = {8599637C-8F83-4166-B5F3-E14BACA6945D}
	EndGlobalSection
EndGlobal
